
Microsoft Visual Studio Solution File, Format Version 12.00
# Visual Studio Version 17
VisualStudioVersion = 17.13.35828.75 d17.13
MinimumVisualStudioVersion = 10.0.40219.1
Project("{FAE04EC0-301F-11D3-BF4B-00C04F79EFBC}") = "HackEdCTF.Web", "HackEdCTF.Web\HackEdCTF.Web.csproj", "{865A8425-5328-4190-AC64-F889E75D6C40}"
EndProject
Global
	GlobalSection(SolutionConfigurationPlatforms) = preSolution
		Debug|Any CPU = Debug|Any CPU
		Release|Any CPU = Release|Any CPU
	EndGlobalSection
	GlobalSection(ProjectConfigurationPlatforms) = postSolution
		{865A8425-5328-4190-AC64-F889E75D6C40}.Debug|Any CPU.ActiveCfg = Debug|Any CPU
		{865A8425-5328-4190-AC64-F889E75D6C40}.Debug|Any CPU.Build.0 = Debug|Any CPU
		{865A8425-5328-4190-AC64-F889E75D6C40}.Release|Any CPU.ActiveCfg = Release|Any CPU
		{865A8425-5328-4190-AC64-F889E75D6C40}.Release|Any CPU.Build.0 = Release|Any CPU
	EndGlobalSection
	GlobalSection(SolutionProperties) = preSolution
		HideSolutionNode = FALSE
	EndGlobalSection
	GlobalSection(ExtensibilityGlobals) = postSolution
		SolutionGuid = {3D963BEC-78C8-45D3-AB8B-639E2C9F5CA6}
	EndGlobalSection
EndGlobal
